
Microsoft Visual Studio Solution File, Format Version 12.00
# Visual Studio Version 16
VisualStudioVersion = 16.0.29424.173
MinimumVisualStudioVersion = 10.0.40219.1
Project("{FAE04EC0-301F-11D3-BF4B-00C04F79EFBC}") = "Remote Shutdown", "Remote Shutdown.csproj", "{F7E97262-7068-4C14-9D4E-CAFA050A8CD4}"
EndProject
Project("{2150E333-8FDC-42A3-9474-1A3956D46DE8}") = "Solution Items", "Solution Items", "{54EE9C62-2A6D-47BA-8826-C0351E75CBCA}"
	ProjectSection(SolutionItems) = preProject
		..\README.md = ..\README.md
	EndProjectSection
EndProject
Global
	GlobalSection(SolutionConfigurationPlatforms) = preSolution
		Debug|Any CPU = Debug|Any CPU
		Release|Any CPU = Release|Any CPU
	EndGlobalSection
	GlobalSection(ProjectConfigurationPlatforms) = postSolution
		{F7E97262-7068-4C14-9D4E-CAFA050A8CD4}.Debug|Any CPU.ActiveCfg = Debug|Any CPU
		{F7E97262-7068-4C14-9D4E-CAFA050A8CD4}.Debug|Any CPU.Build.0 = Debug|Any CPU
		{F7E97262-7068-4C14-9D4E-CAFA050A8CD4}.Release|Any CPU.ActiveCfg = Release|Any CPU
		{F7E97262-7068-4C14-9D4E-CAFA050A8CD4}.Release|Any CPU.Build.0 = Release|Any CPU
	EndGlobalSection
	GlobalSection(SolutionProperties) = preSolution
		HideSolutionNode = FALSE
	EndGlobalSection
	GlobalSection(ExtensibilityGlobals) = postSolution
		SolutionGuid = {A19A70CF-2F36-4C87-804E-AC6CA9CC3CD8}
	EndGlobalSection
EndGlobal
